
Microsoft Visual Studio Solution File, Format Version 12.00
# Visual Studio Version 17
VisualStudioVersion = 17.10.35013.160
MinimumVisualStudioVersion = 10.0.40219.1
Project("{8BC9CEB8-8B4A-11D0-8D11-00A0C91BC942}") = "paintBoard", "paintBoard.vcxproj", "{C0569607-6F6D-4A7C-92E8-04EEC2B4351A}"
EndProject
Global
	GlobalSection(SolutionConfigurationPlatforms) = preSolution
		Debug|x64 = Debug|x64
		Debug|x86 = Debug|x86
		Release|x64 = Release|x64
		Release|x86 = Release|x86
	EndGlobalSection
	GlobalSection(ProjectConfigurationPlatforms) = postSolution
		{C0569607-6F6D-4A7C-92E8-04EEC2B4351A}.Debug|x64.ActiveCfg = Debug|x64
		{C0569607-6F6D-4A7C-92E8-04EEC2B4351A}.Debug|x64.Build.0 = Debug|x64
		{C0569607-6F6D-4A7C-92E8-04EEC2B4351A}.Debug|x86.ActiveCfg = Debug|Win32
		{C0569607-6F6D-4A7C-92E8-04EEC2B4351A}.Debug|x86.Build.0 = Debug|Win32
		{C0569607-6F6D-4A7C-92E8-04EEC2B4351A}.Release|x64.ActiveCfg = Release|x64
		{C0569607-6F6D-4A7C-92E8-04EEC2B4351A}.Release|x64.Build.0 = Release|x64
		{C0569607-6F6D-4A7C-92E8-04EEC2B4351A}.Release|x86.ActiveCfg = Release|Win32
		{C0569607-6F6D-4A7C-92E8-04EEC2B4351A}.Release|x86.Build.0 = Release|Win32
	EndGlobalSection
	GlobalSection(SolutionProperties) = preSolution
		HideSolutionNode = FALSE
	EndGlobalSection
	GlobalSection(ExtensibilityGlobals) = postSolution
		SolutionGuid = {0CA3C414-A772-40D6-9BCB-E48EB1819862}
	EndGlobalSection
EndGlobal
